
Microsoft Visual Studio Solution File, Format Version 12.00
# Visual Studio 15
VisualStudioVersion = 15.0.28307.438
MinimumVisualStudioVersion = 10.0.40219.1
Project("{FAE04EC0-301F-11D3-BF4B-00C04F79EFBC}") = "drill67", "drill67\drill67.csproj", "{EB5E0204-1B0B-4A17-8D6C-A7F08EAEDCDC}"
EndProject
Global
	GlobalSection(SolutionConfigurationPlatforms) = preSolution
		Debug|Any CPU = Debug|Any CPU
		Release|Any CPU = Release|Any CPU
	EndGlobalSection
	GlobalSection(ProjectConfigurationPlatforms) = postSolution
		{EB5E0204-1B0B-4A17-8D6C-A7F08EAEDCDC}.Debug|Any CPU.ActiveCfg = Debug|Any CPU
		{EB5E0204-1B0B-4A17-8D6C-A7F08EAEDCDC}.Debug|Any CPU.Build.0 = Debug|Any CPU
		{EB5E0204-1B0B-4A17-8D6C-A7F08EAEDCDC}.Release|Any CPU.ActiveCfg = Release|Any CPU
		{EB5E0204-1B0B-4A17-8D6C-A7F08EAEDCDC}.Release|Any CPU.Build.0 = Release|Any CPU
	EndGlobalSection
	GlobalSection(SolutionProperties) = preSolution
		HideSolutionNode = FALSE
	EndGlobalSection
	GlobalSection(ExtensibilityGlobals) = postSolution
		SolutionGuid = {3407D745-E256-409B-83CB-94AFFEBB6458}
	EndGlobalSection
EndGlobal
